
Microsoft Visual Studio Solution File, Format Version 12.00
# Visual Studio Version 17
VisualStudioVersion = 17.14.36915.13
MinimumVisualStudioVersion = 10.0.40219.1
Project("{FAE04EC0-301F-11D3-BF4B-00C04F79EFBC}") = "PBScriptNewCS", "PBScriptNewCS.csproj", "{0B743A42-2B95-EB56-A725-C6A296A8961D}"
EndProject
Global
	GlobalSection(SolutionConfigurationPlatforms) = preSolution
		Debug|Any CPU = Debug|Any CPU
		Release|Any CPU = Release|Any CPU
	EndGlobalSection
	GlobalSection(ProjectConfigurationPlatforms) = postSolution
		{0B743A42-2B95-EB56-A725-C6A296A8961D}.Debug|Any CPU.ActiveCfg = Debug|Any CPU
		{0B743A42-2B95-EB56-A725-C6A296A8961D}.Debug|Any CPU.Build.0 = Debug|Any CPU
		{0B743A42-2B95-EB56-A725-C6A296A8961D}.Release|Any CPU.ActiveCfg = Release|Any CPU
		{0B743A42-2B95-EB56-A725-C6A296A8961D}.Release|Any CPU.Build.0 = Release|Any CPU
	EndGlobalSection
	GlobalSection(SolutionProperties) = preSolution
		HideSolutionNode = FALSE
	EndGlobalSection
	GlobalSection(ExtensibilityGlobals) = postSolution
		SolutionGuid = {D1633A2A-FDA5-4AFE-AED8-8374C09FE88A}
	EndGlobalSection
EndGlobal
